
Microsoft Visual Studio Solution File, Format Version 12.00
# Visual Studio Version 17
VisualStudioVersion = 17.0.31903.59
MinimumVisualStudioVersion = 10.0.40219.1
Project("{FAE04EC0-301F-11D3-BF4B-00C04F79EFBC}") = "WebApi", "src\WebApi\WebApi.csproj", "{FCD78AF4-ABC6-44BC-90EB-DEF5DC725434}"
EndProject
Project("{FAE04EC0-301F-11D3-BF4B-00C04F79EFBC}") = "Database", "src\Database\Database.csproj", "{187DC98F-DDAE-483A-8C3C-02D5ADA84A94}"
EndProject
Project("{2150E333-8FDC-42A3-9474-1A3956D46DE8}") = "src", "src", "{2CBAF712-D99B-417D-8465-F2AA9E99D818}"
EndProject
Project("{2150E333-8FDC-42A3-9474-1A3956D46DE8}") = "tests", "tests", "{9E85E787-8541-4B07-BF02-743E9B864D58}"
EndProject
Project("{FAE04EC0-301F-11D3-BF4B-00C04F79EFBC}") = "IntegrationTests", "tests\IntegrationTests\IntegrationTests.csproj", "{D0D3B66A-F29D-4A16-853F-1FD355E87F5D}"
EndProject
Global
	GlobalSection(SolutionConfigurationPlatforms) = preSolution
		Debug|Any CPU = Debug|Any CPU
		Release|Any CPU = Release|Any CPU
	EndGlobalSection
	GlobalSection(SolutionProperties) = preSolution
		HideSolutionNode = FALSE
	EndGlobalSection
	GlobalSection(ProjectConfigurationPlatforms) = postSolution
		{FCD78AF4-ABC6-44BC-90EB-DEF5DC725434}.Debug|Any CPU.ActiveCfg = Debug|Any CPU
		{FCD78AF4-ABC6-44BC-90EB-DEF5DC725434}.Debug|Any CPU.Build.0 = Debug|Any CPU
		{FCD78AF4-ABC6-44BC-90EB-DEF5DC725434}.Release|Any CPU.ActiveCfg = Release|Any CPU
		{FCD78AF4-ABC6-44BC-90EB-DEF5DC725434}.Release|Any CPU.Build.0 = Release|Any CPU
		{187DC98F-DDAE-483A-8C3C-02D5ADA84A94}.Debug|Any CPU.ActiveCfg = Debug|Any CPU
		{187DC98F-DDAE-483A-8C3C-02D5ADA84A94}.Debug|Any CPU.Build.0 = Debug|Any CPU
		{187DC98F-DDAE-483A-8C3C-02D5ADA84A94}.Release|Any CPU.ActiveCfg = Release|Any CPU
		{187DC98F-DDAE-483A-8C3C-02D5ADA84A94}.Release|Any CPU.Build.0 = Release|Any CPU
		{D0D3B66A-F29D-4A16-853F-1FD355E87F5D}.Debug|Any CPU.ActiveCfg = Debug|Any CPU
		{D0D3B66A-F29D-4A16-853F-1FD355E87F5D}.Debug|Any CPU.Build.0 = Debug|Any CPU
		{D0D3B66A-F29D-4A16-853F-1FD355E87F5D}.Release|Any CPU.ActiveCfg = Release|Any CPU
		{D0D3B66A-F29D-4A16-853F-1FD355E87F5D}.Release|Any CPU.Build.0 = Release|Any CPU
	EndGlobalSection
	GlobalSection(NestedProjects) = preSolution
		{FCD78AF4-ABC6-44BC-90EB-DEF5DC725434} = {2CBAF712-D99B-417D-8465-F2AA9E99D818}
		{187DC98F-DDAE-483A-8C3C-02D5ADA84A94} = {2CBAF712-D99B-417D-8465-F2AA9E99D818}
		{D0D3B66A-F29D-4A16-853F-1FD355E87F5D} = {9E85E787-8541-4B07-BF02-743E9B864D58}
	EndGlobalSection
EndGlobal
